
Microsoft Visual Studio Solution File, Format Version 12.00
# Visual Studio Version 17
VisualStudioVersion = 17.3.32929.385
MinimumVisualStudioVersion = 10.0.40219.1
Project("{FAE04EC0-301F-11D3-BF4B-00C04F79EFBC}") = "Задание_6_1", "Задание_6_1\Задание_6_1.csproj", "{E4881DB9-D9FD-4C81-8CD4-BFFC143D351F}"
EndProject
Project("{FAE04EC0-301F-11D3-BF4B-00C04F79EFBC}") = "Задание_6_2", "Задание_6_2\Задание_6_2.csproj", "{43AD0161-803C-411A-A32F-1DAA91B44AE3}"
EndProject
Global
	GlobalSection(SolutionConfigurationPlatforms) = preSolution
		Debug|Any CPU = Debug|Any CPU
		Release|Any CPU = Release|Any CPU
	EndGlobalSection
	GlobalSection(ProjectConfigurationPlatforms) = postSolution
		{E4881DB9-D9FD-4C81-8CD4-BFFC143D351F}.Debug|Any CPU.ActiveCfg = Debug|Any CPU
		{E4881DB9-D9FD-4C81-8CD4-BFFC143D351F}.Debug|Any CPU.Build.0 = Debug|Any CPU
		{E4881DB9-D9FD-4C81-8CD4-BFFC143D351F}.Release|Any CPU.ActiveCfg = Release|Any CPU
		{E4881DB9-D9FD-4C81-8CD4-BFFC143D351F}.Release|Any CPU.Build.0 = Release|Any CPU
		{43AD0161-803C-411A-A32F-1DAA91B44AE3}.Debug|Any CPU.ActiveCfg = Debug|Any CPU
		{43AD0161-803C-411A-A32F-1DAA91B44AE3}.Debug|Any CPU.Build.0 = Debug|Any CPU
		{43AD0161-803C-411A-A32F-1DAA91B44AE3}.Release|Any CPU.ActiveCfg = Release|Any CPU
		{43AD0161-803C-411A-A32F-1DAA91B44AE3}.Release|Any CPU.Build.0 = Release|Any CPU
	EndGlobalSection
	GlobalSection(SolutionProperties) = preSolution
		HideSolutionNode = FALSE
	EndGlobalSection
	GlobalSection(ExtensibilityGlobals) = postSolution
		SolutionGuid = {C01F20BC-1D3C-4AC4-8FC7-7C5BB77C86EE}
	EndGlobalSection
EndGlobal
